
Microsoft Visual Studio Solution File, Format Version 12.00
# Visual Studio Version 18
VisualStudioVersion = 18.0.11205.157 d18.0
MinimumVisualStudioVersion = 10.0.40219.1
Project("{13B669BE-BB05-4DDF-9536-439F39A36129}") = "AngelsApp", "AngelsApp.phpproj", "{99807F71-217E-5256-6A89-C7CE05A235F1}"
EndProject
Global
	GlobalSection(SolutionConfigurationPlatforms) = preSolution
		Debug|Any CPU = Debug|Any CPU
		Release|Any CPU = Release|Any CPU
	EndGlobalSection
	GlobalSection(ProjectConfigurationPlatforms) = postSolution
		{99807F71-217E-5256-6A89-C7CE05A235F1}.Debug|Any CPU.ActiveCfg = Debug|Any CPU
		{99807F71-217E-5256-6A89-C7CE05A235F1}.Debug|Any CPU.Build.0 = Debug|Any CPU
		{99807F71-217E-5256-6A89-C7CE05A235F1}.Release|Any CPU.ActiveCfg = Release|Any CPU
		{99807F71-217E-5256-6A89-C7CE05A235F1}.Release|Any CPU.Build.0 = Release|Any CPU
	EndGlobalSection
	GlobalSection(SolutionProperties) = preSolution
		HideSolutionNode = FALSE
	EndGlobalSection
	GlobalSection(ExtensibilityGlobals) = postSolution
		SolutionGuid = {D0F16AEF-8D44-47C5-90C2-EEF91C2D132B}
	EndGlobalSection
EndGlobal
